
Microsoft Visual Studio Solution File, Format Version 12.00
# Visual Studio 15
Project("{FAE04EC0-301F-11D3-BF4B-00C04F79EFBC}") = "GRADAPP", "GRADAPP.csproj", "{178C352C-27A8-4261-8EF3-BE43930D10F3}"
EndProject
Project("{9344BDBB-3E7F-41FC-A0DD-8665D75EE146}") = "GRADAPP.Core", "GRADAPP.Core\GRADAPP.Core.csproj", "{D8E81550-BA60-4714-894C-78874649BD7C}"
EndProject
Project("{9344BDBB-3E7F-41FC-A0DD-8665D75EE146}") = "GRADAPP.Infrastructure", "GRADAPP.Infrastructure\GRADAPP.Infrastructure.csproj", "{2E2555F5-7AE5-4CB7-AAAF-0682F503DD5A}"
EndProject
Project("{9344BDBB-3E7F-41FC-A0DD-8665D75EE146}") = "GRADAPP.Core", "GRADAPP.Core\GRADAPP.Core.csproj", "{92A6C4D0-A3CA-4F02-AD85-84C8097029C7}"
EndProject
Global
	GlobalSection(SolutionConfigurationPlatforms) = preSolution
		Debug|Any CPU = Debug|Any CPU
		Release|Any CPU = Release|Any CPU
	EndGlobalSection
	GlobalSection(ProjectConfigurationPlatforms) = postSolution
		{178C352C-27A8-4261-8EF3-BE43930D10F3}.Debug|Any CPU.ActiveCfg = Debug|Any CPU
		{178C352C-27A8-4261-8EF3-BE43930D10F3}.Debug|Any CPU.Build.0 = Debug|Any CPU
		{178C352C-27A8-4261-8EF3-BE43930D10F3}.Release|Any CPU.ActiveCfg = Release|Any CPU
		{178C352C-27A8-4261-8EF3-BE43930D10F3}.Release|Any CPU.Build.0 = Release|Any CPU
		{D8E81550-BA60-4714-894C-78874649BD7C}.Debug|Any CPU.ActiveCfg = Debug|Any CPU
		{D8E81550-BA60-4714-894C-78874649BD7C}.Debug|Any CPU.Build.0 = Debug|Any CPU
		{D8E81550-BA60-4714-894C-78874649BD7C}.Release|Any CPU.ActiveCfg = Release|Any CPU
		{D8E81550-BA60-4714-894C-78874649BD7C}.Release|Any CPU.Build.0 = Release|Any CPU
		{2E2555F5-7AE5-4CB7-AAAF-0682F503DD5A}.Debug|Any CPU.ActiveCfg = Debug|Any CPU
		{2E2555F5-7AE5-4CB7-AAAF-0682F503DD5A}.Debug|Any CPU.Build.0 = Debug|Any CPU
		{2E2555F5-7AE5-4CB7-AAAF-0682F503DD5A}.Release|Any CPU.ActiveCfg = Release|Any CPU
		{2E2555F5-7AE5-4CB7-AAAF-0682F503DD5A}.Release|Any CPU.Build.0 = Release|Any CPU
		{92A6C4D0-A3CA-4F02-AD85-84C8097029C7}.Debug|Any CPU.ActiveCfg = Debug|Any CPU
		{92A6C4D0-A3CA-4F02-AD85-84C8097029C7}.Debug|Any CPU.Build.0 = Debug|Any CPU
		{92A6C4D0-A3CA-4F02-AD85-84C8097029C7}.Release|Any CPU.ActiveCfg = Release|Any CPU
		{92A6C4D0-A3CA-4F02-AD85-84C8097029C7}.Release|Any CPU.Build.0 = Release|Any CPU
	EndGlobalSection
EndGlobal
